
Microsoft Visual Studio Solution File, Format Version 12.00
# Visual Studio Version 17
VisualStudioVersion = 17.9.34728.123
MinimumVisualStudioVersion = 10.0.40219.1
Project("{9A19103F-16F7-4668-BE54-9A1E7A4F7556}") = "TravelPortalBlazorCRUD", "TravelPortalBlazorCRUD\TravelPortalBlazorCRUD\TravelPortalBlazorCRUD.csproj", "{740A3418-7C28-47CB-94DF-9A80C1F953DF}"
EndProject
Project("{9A19103F-16F7-4668-BE54-9A1E7A4F7556}") = "TravelPortalBlazorCRUD.Client", "TravelPortalBlazorCRUD\TravelPortalBlazorCRUD.Client\TravelPortalBlazorCRUD.Client.csproj", "{87E06DD1-E52C-45CC-B955-42087C446776}"
EndProject
Project("{9A19103F-16F7-4668-BE54-9A1E7A4F7556}") = "TravelPortalBlazor.Core", "TravelPortalBlazor.Core\TravelPortalBlazor.Core.csproj", "{DC72937F-3FCD-424A-8E29-262B68CF8F03}"
EndProject
Project("{9A19103F-16F7-4668-BE54-9A1E7A4F7556}") = "TravelPortalBlazor.Service", "TravelPortalBlazor.Service\TravelPortalBlazor.Service.csproj", "{4070F5A7-893F-40AC-B996-03A252730DB7}"
EndProject
Global
	GlobalSection(SolutionConfigurationPlatforms) = preSolution
		Debug|Any CPU = Debug|Any CPU
		Release|Any CPU = Release|Any CPU
	EndGlobalSection
	GlobalSection(ProjectConfigurationPlatforms) = postSolution
		{740A3418-7C28-47CB-94DF-9A80C1F953DF}.Debug|Any CPU.ActiveCfg = Debug|Any CPU
		{740A3418-7C28-47CB-94DF-9A80C1F953DF}.Debug|Any CPU.Build.0 = Debug|Any CPU
		{740A3418-7C28-47CB-94DF-9A80C1F953DF}.Release|Any CPU.ActiveCfg = Release|Any CPU
		{740A3418-7C28-47CB-94DF-9A80C1F953DF}.Release|Any CPU.Build.0 = Release|Any CPU
		{87E06DD1-E52C-45CC-B955-42087C446776}.Debug|Any CPU.ActiveCfg = Debug|Any CPU
		{87E06DD1-E52C-45CC-B955-42087C446776}.Debug|Any CPU.Build.0 = Debug|Any CPU
		{87E06DD1-E52C-45CC-B955-42087C446776}.Release|Any CPU.ActiveCfg = Release|Any CPU
		{87E06DD1-E52C-45CC-B955-42087C446776}.Release|Any CPU.Build.0 = Release|Any CPU
		{DC72937F-3FCD-424A-8E29-262B68CF8F03}.Debug|Any CPU.ActiveCfg = Debug|Any CPU
		{DC72937F-3FCD-424A-8E29-262B68CF8F03}.Debug|Any CPU.Build.0 = Debug|Any CPU
		{DC72937F-3FCD-424A-8E29-262B68CF8F03}.Release|Any CPU.ActiveCfg = Release|Any CPU
		{DC72937F-3FCD-424A-8E29-262B68CF8F03}.Release|Any CPU.Build.0 = Release|Any CPU
		{4070F5A7-893F-40AC-B996-03A252730DB7}.Debug|Any CPU.ActiveCfg = Debug|Any CPU
		{4070F5A7-893F-40AC-B996-03A252730DB7}.Debug|Any CPU.Build.0 = Debug|Any CPU
		{4070F5A7-893F-40AC-B996-03A252730DB7}.Release|Any CPU.ActiveCfg = Release|Any CPU
		{4070F5A7-893F-40AC-B996-03A252730DB7}.Release|Any CPU.Build.0 = Release|Any CPU
	EndGlobalSection
	GlobalSection(SolutionProperties) = preSolution
		HideSolutionNode = FALSE
	EndGlobalSection
	GlobalSection(ExtensibilityGlobals) = postSolution
		SolutionGuid = {748EBBE9-16BD-4594-A8F4-D7DCD0B0DD04}
	EndGlobalSection
EndGlobal
